
Microsoft Visual Studio Solution File, Format Version 12.00
# Visual Studio Version 17
VisualStudioVersion = 17.8.34316.72
MinimumVisualStudioVersion = 10.0.40219.1
Project("{FAE04EC0-301F-11D3-BF4B-00C04F79EFBC}") = "RunGroupWebApp", "RunGroupWebApp\RunGroupWebApp.csproj", "{C99712F0-E73F-4AA0-BD73-9BE12F92FD05}"
EndProject
Global
	GlobalSection(SolutionConfigurationPlatforms) = preSolution
		Debug|Any CPU = Debug|Any CPU
		Release|Any CPU = Release|Any CPU
	EndGlobalSection
	GlobalSection(ProjectConfigurationPlatforms) = postSolution
		{C99712F0-E73F-4AA0-BD73-9BE12F92FD05}.Debug|Any CPU.ActiveCfg = Debug|Any CPU
		{C99712F0-E73F-4AA0-BD73-9BE12F92FD05}.Debug|Any CPU.Build.0 = Debug|Any CPU
		{C99712F0-E73F-4AA0-BD73-9BE12F92FD05}.Release|Any CPU.ActiveCfg = Release|Any CPU
		{C99712F0-E73F-4AA0-BD73-9BE12F92FD05}.Release|Any CPU.Build.0 = Release|Any CPU
	EndGlobalSection
	GlobalSection(SolutionProperties) = preSolution
		HideSolutionNode = FALSE
	EndGlobalSection
	GlobalSection(ExtensibilityGlobals) = postSolution
		SolutionGuid = {1E580D7C-2B83-4936-B47E-36842E092A5B}
	EndGlobalSection
EndGlobal
